
Microsoft Visual Studio Solution File, Format Version 12.00
# Visual Studio Version 17
VisualStudioVersion = 17.0.31919.166
MinimumVisualStudioVersion = 10.0.40219.1
Project("{9A19103F-16F7-4668-BE54-9A1E7A4F7556}") = "App", "App\App.csproj", "{3B2A24F0-0840-41C1-809E-449D3FC5A23E}"
EndProject
Project("{9A19103F-16F7-4668-BE54-9A1E7A4F7556}") = "Puzzles2021", "src\Puzzles2021\Puzzles2021.csproj", "{74F49226-5551-4F63-AFE6-7EDBD1C53CF6}"
EndProject
Project("{2150E333-8FDC-42A3-9474-1A3956D46DE8}") = "src", "src", "{36E85DD1-BFAC-4B51-8979-E4E8ADA75F2E}"
EndProject
Project("{2150E333-8FDC-42A3-9474-1A3956D46DE8}") = "tests", "tests", "{80624DF6-412D-439C-B324-D894A15931DA}"
EndProject
Project("{9A19103F-16F7-4668-BE54-9A1E7A4F7556}") = "Puzzles2021.Tests", "tests\Puzzles2021.Tests\Puzzles2021.Tests.csproj", "{8B3DC42E-8A06-418C-8E29-9B19F7DFDD8F}"
EndProject
Project("{9A19103F-16F7-4668-BE54-9A1E7A4F7556}") = "PuzzleCore", "src\PuzzleCore\PuzzleCore.csproj", "{F19C407D-C87D-466B-B326-34E9BDDF2F89}"
EndProject
Project("{9A19103F-16F7-4668-BE54-9A1E7A4F7556}") = "PuzzleTestCore", "tests\PuzzleTestCore\PuzzleTestCore.csproj", "{FD20A2A2-ABB3-4387-AF55-C6F8A55E6EAC}"
EndProject
Project("{9A19103F-16F7-4668-BE54-9A1E7A4F7556}") = "Puzzles2020", "src\Puzzles2020\Puzzles2020.csproj", "{E116A245-DC8D-4F68-9278-437F7EA7070C}"
EndProject
Project("{9A19103F-16F7-4668-BE54-9A1E7A4F7556}") = "Puzzles2020.Tests", "tests\Puzzles2020.Tests\Puzzles2020.Tests.csproj", "{07DD50D8-87E4-435C-9BC2-1D4556403EFB}"
EndProject
Project("{FAE04EC0-301F-11D3-BF4B-00C04F79EFBC}") = "Puzzles2015", "src\Puzzles2015\Puzzles2015.csproj", "{9535B314-CBDA-4393-ACEA-13A49D57AC3A}"
EndProject
Project("{FAE04EC0-301F-11D3-BF4B-00C04F79EFBC}") = "Puzzles2015.Tests", "tests\Puzzles2015.Tests\Puzzles2015.Tests.csproj", "{84DDFA07-FB61-411F-9DB2-C030326B9886}"
EndProject
Project("{FAE04EC0-301F-11D3-BF4B-00C04F79EFBC}") = "Puzzles2016", "src\Puzzles2016\Puzzles2016.csproj", "{986EC9A4-8398-428F-A352-0D1A0F4B4B69}"
EndProject
Project("{FAE04EC0-301F-11D3-BF4B-00C04F79EFBC}") = "Puzzles2016.Tests", "tests\Puzzles2016.Tests\Puzzles2016.Tests.csproj", "{09E8AC73-6C03-4993-8E3D-B955947C8718}"
EndProject
Project("{FAE04EC0-301F-11D3-BF4B-00C04F79EFBC}") = "Puzzles2017", "src\Puzzles2017\Puzzles2017.csproj", "{456CD891-EDA8-4D04-B356-CDC474D7A4EA}"
EndProject
Project("{FAE04EC0-301F-11D3-BF4B-00C04F79EFBC}") = "Puzzles2017.Tests", "tests\Puzzles2017.Tests\Puzzles2017.Tests.csproj", "{E35AB7E3-F9F4-4901-8E5E-80DF15236D50}"
EndProject
Project("{FAE04EC0-301F-11D3-BF4B-00C04F79EFBC}") = "Puzzles2018", "src\Puzzles2018\Puzzles2018.csproj", "{6A56155C-8FDB-4F8B-B4FC-983A60A14802}"
EndProject
Project("{FAE04EC0-301F-11D3-BF4B-00C04F79EFBC}") = "Puzzles2018.Tests", "tests\Puzzles2018.Tests\Puzzles2018.Tests.csproj", "{45BEC7A5-EFC5-4E27-808B-2FE62E5DA04F}"
EndProject
Global
	GlobalSection(SolutionConfigurationPlatforms) = preSolution
		Debug|Any CPU = Debug|Any CPU
		Release|Any CPU = Release|Any CPU
	EndGlobalSection
	GlobalSection(ProjectConfigurationPlatforms) = postSolution
		{3B2A24F0-0840-41C1-809E-449D3FC5A23E}.Debug|Any CPU.ActiveCfg = Debug|Any CPU
		{3B2A24F0-0840-41C1-809E-449D3FC5A23E}.Debug|Any CPU.Build.0 = Debug|Any CPU
		{3B2A24F0-0840-41C1-809E-449D3FC5A23E}.Release|Any CPU.ActiveCfg = Release|Any CPU
		{3B2A24F0-0840-41C1-809E-449D3FC5A23E}.Release|Any CPU.Build.0 = Release|Any CPU
		{74F49226-5551-4F63-AFE6-7EDBD1C53CF6}.Debug|Any CPU.ActiveCfg = Debug|Any CPU
		{74F49226-5551-4F63-AFE6-7EDBD1C53CF6}.Debug|Any CPU.Build.0 = Debug|Any CPU
		{74F49226-5551-4F63-AFE6-7EDBD1C53CF6}.Release|Any CPU.ActiveCfg = Release|Any CPU
		{74F49226-5551-4F63-AFE6-7EDBD1C53CF6}.Release|Any CPU.Build.0 = Release|Any CPU
		{8B3DC42E-8A06-418C-8E29-9B19F7DFDD8F}.Debug|Any CPU.ActiveCfg = Debug|Any CPU
		{8B3DC42E-8A06-418C-8E29-9B19F7DFDD8F}.Debug|Any CPU.Build.0 = Debug|Any CPU
		{8B3DC42E-8A06-418C-8E29-9B19F7DFDD8F}.Release|Any CPU.ActiveCfg = Release|Any CPU
		{8B3DC42E-8A06-418C-8E29-9B19F7DFDD8F}.Release|Any CPU.Build.0 = Release|Any CPU
		{F19C407D-C87D-466B-B326-34E9BDDF2F89}.Debug|Any CPU.ActiveCfg = Debug|Any CPU
		{F19C407D-C87D-466B-B326-34E9BDDF2F89}.Debug|Any CPU.Build.0 = Debug|Any CPU
		{F19C407D-C87D-466B-B326-34E9BDDF2F89}.Release|Any CPU.ActiveCfg = Release|Any CPU
		{F19C407D-C87D-466B-B326-34E9BDDF2F89}.Release|Any CPU.Build.0 = Release|Any CPU
		{FD20A2A2-ABB3-4387-AF55-C6F8A55E6EAC}.Debug|Any CPU.ActiveCfg = Debug|Any CPU
		{FD20A2A2-ABB3-4387-AF55-C6F8A55E6EAC}.Debug|Any CPU.Build.0 = Debug|Any CPU
		{FD20A2A2-ABB3-4387-AF55-C6F8A55E6EAC}.Release|Any CPU.ActiveCfg = Release|Any CPU
		{FD20A2A2-ABB3-4387-AF55-C6F8A55E6EAC}.Release|Any CPU.Build.0 = Release|Any CPU
		{E116A245-DC8D-4F68-9278-437F7EA7070C}.Debug|Any CPU.ActiveCfg = Debug|Any CPU
		{E116A245-DC8D-4F68-9278-437F7EA7070C}.Debug|Any CPU.Build.0 = Debug|Any CPU
		{E116A245-DC8D-4F68-9278-437F7EA7070C}.Release|Any CPU.ActiveCfg = Release|Any CPU
		{E116A245-DC8D-4F68-9278-437F7EA7070C}.Release|Any CPU.Build.0 = Release|Any CPU
		{07DD50D8-87E4-435C-9BC2-1D4556403EFB}.Debug|Any CPU.ActiveCfg = Debug|Any CPU
		{07DD50D8-87E4-435C-9BC2-1D4556403EFB}.Debug|Any CPU.Build.0 = Debug|Any CPU
		{07DD50D8-87E4-435C-9BC2-1D4556403EFB}.Release|Any CPU.ActiveCfg = Release|Any CPU
		{07DD50D8-87E4-435C-9BC2-1D4556403EFB}.Release|Any CPU.Build.0 = Release|Any CPU
		{9535B314-CBDA-4393-ACEA-13A49D57AC3A}.Debug|Any CPU.ActiveCfg = Debug|Any CPU
		{9535B314-CBDA-4393-ACEA-13A49D57AC3A}.Debug|Any CPU.Build.0 = Debug|Any CPU
		{9535B314-CBDA-4393-ACEA-13A49D57AC3A}.Release|Any CPU.ActiveCfg = Release|Any CPU
		{9535B314-CBDA-4393-ACEA-13A49D57AC3A}.Release|Any CPU.Build.0 = Release|Any CPU
		{84DDFA07-FB61-411F-9DB2-C030326B9886}.Debug|Any CPU.ActiveCfg = Debug|Any CPU
		{84DDFA07-FB61-411F-9DB2-C030326B9886}.Debug|Any CPU.Build.0 = Debug|Any CPU
		{84DDFA07-FB61-411F-9DB2-C030326B9886}.Release|Any CPU.ActiveCfg = Release|Any CPU
		{84DDFA07-FB61-411F-9DB2-C030326B9886}.Release|Any CPU.Build.0 = Release|Any CPU
		{986EC9A4-8398-428F-A352-0D1A0F4B4B69}.Debug|Any CPU.ActiveCfg = Debug|Any CPU
		{986EC9A4-8398-428F-A352-0D1A0F4B4B69}.Debug|Any CPU.Build.0 = Debug|Any CPU
		{986EC9A4-8398-428F-A352-0D1A0F4B4B69}.Release|Any CPU.ActiveCfg = Release|Any CPU
		{986EC9A4-8398-428F-A352-0D1A0F4B4B69}.Release|Any CPU.Build.0 = Release|Any CPU
		{09E8AC73-6C03-4993-8E3D-B955947C8718}.Debug|Any CPU.ActiveCfg = Debug|Any CPU
		{09E8AC73-6C03-4993-8E3D-B955947C8718}.Debug|Any CPU.Build.0 = Debug|Any CPU
		{09E8AC73-6C03-4993-8E3D-B955947C8718}.Release|Any CPU.ActiveCfg = Release|Any CPU
		{09E8AC73-6C03-4993-8E3D-B955947C8718}.Release|Any CPU.Build.0 = Release|Any CPU
		{456CD891-EDA8-4D04-B356-CDC474D7A4EA}.Debug|Any CPU.ActiveCfg = Debug|Any CPU
		{456CD891-EDA8-4D04-B356-CDC474D7A4EA}.Debug|Any CPU.Build.0 = Debug|Any CPU
		{456CD891-EDA8-4D04-B356-CDC474D7A4EA}.Release|Any CPU.ActiveCfg = Release|Any CPU
		{456CD891-EDA8-4D04-B356-CDC474D7A4EA}.Release|Any CPU.Build.0 = Release|Any CPU
		{E35AB7E3-F9F4-4901-8E5E-80DF15236D50}.Debug|Any CPU.ActiveCfg = Debug|Any CPU
		{E35AB7E3-F9F4-4901-8E5E-80DF15236D50}.Debug|Any CPU.Build.0 = Debug|Any CPU
		{E35AB7E3-F9F4-4901-8E5E-80DF15236D50}.Release|Any CPU.ActiveCfg = Release|Any CPU
		{E35AB7E3-F9F4-4901-8E5E-80DF15236D50}.Release|Any CPU.Build.0 = Release|Any CPU
		{6A56155C-8FDB-4F8B-B4FC-983A60A14802}.Debug|Any CPU.ActiveCfg = Debug|Any CPU
		{6A56155C-8FDB-4F8B-B4FC-983A60A14802}.Debug|Any CPU.Build.0 = Debug|Any CPU
		{6A56155C-8FDB-4F8B-B4FC-983A60A14802}.Release|Any CPU.ActiveCfg = Release|Any CPU
		{6A56155C-8FDB-4F8B-B4FC-983A60A14802}.Release|Any CPU.Build.0 = Release|Any CPU
		{45BEC7A5-EFC5-4E27-808B-2FE62E5DA04F}.Debug|Any CPU.ActiveCfg = Debug|Any CPU
		{45BEC7A5-EFC5-4E27-808B-2FE62E5DA04F}.Debug|Any CPU.Build.0 = Debug|Any CPU
		{45BEC7A5-EFC5-4E27-808B-2FE62E5DA04F}.Release|Any CPU.ActiveCfg = Release|Any CPU
		{45BEC7A5-EFC5-4E27-808B-2FE62E5DA04F}.Release|Any CPU.Build.0 = Release|Any CPU
	EndGlobalSection
	GlobalSection(SolutionProperties) = preSolution
		HideSolutionNode = FALSE
	EndGlobalSection
	GlobalSection(NestedProjects) = preSolution
		{74F49226-5551-4F63-AFE6-7EDBD1C53CF6} = {36E85DD1-BFAC-4B51-8979-E4E8ADA75F2E}
		{8B3DC42E-8A06-418C-8E29-9B19F7DFDD8F} = {80624DF6-412D-439C-B324-D894A15931DA}
		{F19C407D-C87D-466B-B326-34E9BDDF2F89} = {36E85DD1-BFAC-4B51-8979-E4E8ADA75F2E}
		{FD20A2A2-ABB3-4387-AF55-C6F8A55E6EAC} = {80624DF6-412D-439C-B324-D894A15931DA}
		{E116A245-DC8D-4F68-9278-437F7EA7070C} = {36E85DD1-BFAC-4B51-8979-E4E8ADA75F2E}
		{07DD50D8-87E4-435C-9BC2-1D4556403EFB} = {80624DF6-412D-439C-B324-D894A15931DA}
		{9535B314-CBDA-4393-ACEA-13A49D57AC3A} = {36E85DD1-BFAC-4B51-8979-E4E8ADA75F2E}
		{84DDFA07-FB61-411F-9DB2-C030326B9886} = {80624DF6-412D-439C-B324-D894A15931DA}
		{986EC9A4-8398-428F-A352-0D1A0F4B4B69} = {36E85DD1-BFAC-4B51-8979-E4E8ADA75F2E}
		{09E8AC73-6C03-4993-8E3D-B955947C8718} = {80624DF6-412D-439C-B324-D894A15931DA}
		{456CD891-EDA8-4D04-B356-CDC474D7A4EA} = {36E85DD1-BFAC-4B51-8979-E4E8ADA75F2E}
		{E35AB7E3-F9F4-4901-8E5E-80DF15236D50} = {80624DF6-412D-439C-B324-D894A15931DA}
		{6A56155C-8FDB-4F8B-B4FC-983A60A14802} = {36E85DD1-BFAC-4B51-8979-E4E8ADA75F2E}
		{45BEC7A5-EFC5-4E27-808B-2FE62E5DA04F} = {80624DF6-412D-439C-B324-D894A15931DA}
	EndGlobalSection
	GlobalSection(ExtensibilityGlobals) = postSolution
		SolutionGuid = {B037CFAA-2F0D-4237-AA30-0DEC68DC03CD}
	EndGlobalSection
EndGlobal
